
Microsoft Visual Studio Solution File, Format Version 12.00
# Visual Studio Version 17
VisualStudioVersion = 17.0.31903.59
MinimumVisualStudioVersion = 10.0.40219.1
Project("{FAE04EC0-301F-11D3-BF4B-00C04F79EFBC}") = "FluentHttp", "FluentHttp\FluentHttp.csproj", "{4169ABBF-17E1-4E20-B0C8-454367576978}"
EndProject
Project("{FAE04EC0-301F-11D3-BF4B-00C04F79EFBC}") = "FluentHttp.Tests", "FluentHttp.Tests\FluentHttp.Tests.csproj", "{217C7D03-28C5-459E-B523-E17BE4BD8DF4}"
EndProject
Global
	GlobalSection(SolutionConfigurationPlatforms) = preSolution
		Debug|Any CPU = Debug|Any CPU
		Release|Any CPU = Release|Any CPU
	EndGlobalSection
	GlobalSection(SolutionProperties) = preSolution
		HideSolutionNode = FALSE
	EndGlobalSection
	GlobalSection(ProjectConfigurationPlatforms) = postSolution
		{4169ABBF-17E1-4E20-B0C8-454367576978}.Debug|Any CPU.ActiveCfg = Debug|Any CPU
		{4169ABBF-17E1-4E20-B0C8-454367576978}.Debug|Any CPU.Build.0 = Debug|Any CPU
		{4169ABBF-17E1-4E20-B0C8-454367576978}.Release|Any CPU.ActiveCfg = Release|Any CPU
		{4169ABBF-17E1-4E20-B0C8-454367576978}.Release|Any CPU.Build.0 = Release|Any CPU
		{217C7D03-28C5-459E-B523-E17BE4BD8DF4}.Debug|Any CPU.ActiveCfg = Debug|Any CPU
		{217C7D03-28C5-459E-B523-E17BE4BD8DF4}.Debug|Any CPU.Build.0 = Debug|Any CPU
		{217C7D03-28C5-459E-B523-E17BE4BD8DF4}.Release|Any CPU.ActiveCfg = Release|Any CPU
		{217C7D03-28C5-459E-B523-E17BE4BD8DF4}.Release|Any CPU.Build.0 = Release|Any CPU
	EndGlobalSection
EndGlobal
